
Microsoft Visual Studio Solution File, Format Version 12.00
# Visual Studio Version 16
VisualStudioVersion = 16.0.30611.23
MinimumVisualStudioVersion = 10.0.40219.1
Project("{8BC9CEB8-8B4A-11D0-8D11-00A0C91BC942}") = "1", "1\1.vcxproj", "{57A3265B-D58B-47F4-9951-ADDBE9D414D2}"
EndProject
Project("{8BC9CEB8-8B4A-11D0-8D11-00A0C91BC942}") = "3", "3\3.vcxproj", "{C5D1D94C-032A-45CA-B198-1F374D7395D7}"
EndProject
Global
	GlobalSection(SolutionConfigurationPlatforms) = preSolution
		Debug|x64 = Debug|x64
		Debug|x86 = Debug|x86
		Release|x64 = Release|x64
		Release|x86 = Release|x86
	EndGlobalSection
	GlobalSection(ProjectConfigurationPlatforms) = postSolution
		{57A3265B-D58B-47F4-9951-ADDBE9D414D2}.Debug|x64.ActiveCfg = Debug|x64
		{57A3265B-D58B-47F4-9951-ADDBE9D414D2}.Debug|x64.Build.0 = Debug|x64
		{57A3265B-D58B-47F4-9951-ADDBE9D414D2}.Debug|x86.ActiveCfg = Debug|Win32
		{57A3265B-D58B-47F4-9951-ADDBE9D414D2}.Debug|x86.Build.0 = Debug|Win32
		{57A3265B-D58B-47F4-9951-ADDBE9D414D2}.Release|x64.ActiveCfg = Release|x64
		{57A3265B-D58B-47F4-9951-ADDBE9D414D2}.Release|x64.Build.0 = Release|x64
		{57A3265B-D58B-47F4-9951-ADDBE9D414D2}.Release|x86.ActiveCfg = Release|Win32
		{57A3265B-D58B-47F4-9951-ADDBE9D414D2}.Release|x86.Build.0 = Release|Win32
		{C5D1D94C-032A-45CA-B198-1F374D7395D7}.Debug|x64.ActiveCfg = Debug|x64
		{C5D1D94C-032A-45CA-B198-1F374D7395D7}.Debug|x64.Build.0 = Debug|x64
		{C5D1D94C-032A-45CA-B198-1F374D7395D7}.Debug|x86.ActiveCfg = Debug|Win32
		{C5D1D94C-032A-45CA-B198-1F374D7395D7}.Debug|x86.Build.0 = Debug|Win32
		{C5D1D94C-032A-45CA-B198-1F374D7395D7}.Release|x64.ActiveCfg = Release|x64
		{C5D1D94C-032A-45CA-B198-1F374D7395D7}.Release|x64.Build.0 = Release|x64
		{C5D1D94C-032A-45CA-B198-1F374D7395D7}.Release|x86.ActiveCfg = Release|Win32
		{C5D1D94C-032A-45CA-B198-1F374D7395D7}.Release|x86.Build.0 = Release|Win32
	EndGlobalSection
	GlobalSection(SolutionProperties) = preSolution
		HideSolutionNode = FALSE
	EndGlobalSection
	GlobalSection(ExtensibilityGlobals) = postSolution
		SolutionGuid = {CCC14D9D-8D75-4A5E-933C-0448D5191465}
	EndGlobalSection
EndGlobal
